
Microsoft Visual Studio Solution File, Format Version 12.00
# Visual Studio Version 17
VisualStudioVersion = 17.2.32526.322
MinimumVisualStudioVersion = 10.0.40219.1
Project("{FAE04EC0-301F-11D3-BF4B-00C04F79EFBC}") = "VAST Survey Tool.UWP", "VAST Survey Tool\VAST Survey Tool.UWP\VAST Survey Tool.UWP.csproj", "{D7F5A154-6D00-4E02-8678-80FBB93C9DC4}"
EndProject
Project("{FAE04EC0-301F-11D3-BF4B-00C04F79EFBC}") = "VAST Survey Tool.Android", "VAST Survey Tool\VAST Survey Tool.Android\VAST Survey Tool.Android.csproj", "{6AACA7C5-F553-4084-B706-2A8C9E7ED5DC}"
EndProject
Project("{FAE04EC0-301F-11D3-BF4B-00C04F79EFBC}") = "VAST Survey Tool.iOS", "VAST Survey Tool\VAST Survey Tool.iOS\VAST Survey Tool.iOS.csproj", "{7294F440-CC45-423A-9A27-57F9243ACF17}"
EndProject
Project("{FAE04EC0-301F-11D3-BF4B-00C04F79EFBC}") = "VAST Survey Tool", "VAST Survey Tool\VAST Survey Tool\VAST Survey Tool.csproj", "{207A1D56-200A-47FC-9E30-FCE27A1B4985}"
EndProject
Global
	GlobalSection(SolutionConfigurationPlatforms) = preSolution
		Debug|Any CPU = Debug|Any CPU
		Debug|ARM = Debug|ARM
		Debug|iPhone = Debug|iPhone
		Debug|iPhoneSimulator = Debug|iPhoneSimulator
		Debug|x64 = Debug|x64
		Debug|x86 = Debug|x86
		Release|Any CPU = Release|Any CPU
		Release|ARM = Release|ARM
		Release|iPhone = Release|iPhone
		Release|iPhoneSimulator = Release|iPhoneSimulator
		Release|x64 = Release|x64
		Release|x86 = Release|x86
	EndGlobalSection
	GlobalSection(ProjectConfigurationPlatforms) = postSolution
		{D7F5A154-6D00-4E02-8678-80FBB93C9DC4}.Debug|Any CPU.ActiveCfg = Debug|x64
		{D7F5A154-6D00-4E02-8678-80FBB93C9DC4}.Debug|Any CPU.Build.0 = Debug|x64
		{D7F5A154-6D00-4E02-8678-80FBB93C9DC4}.Debug|Any CPU.Deploy.0 = Debug|x64
		{D7F5A154-6D00-4E02-8678-80FBB93C9DC4}.Debug|ARM.ActiveCfg = Debug|ARM
		{D7F5A154-6D00-4E02-8678-80FBB93C9DC4}.Debug|ARM.Build.0 = Debug|ARM
		{D7F5A154-6D00-4E02-8678-80FBB93C9DC4}.Debug|ARM.Deploy.0 = Debug|ARM
		{D7F5A154-6D00-4E02-8678-80FBB93C9DC4}.Debug|iPhone.ActiveCfg = Debug|x64
		{D7F5A154-6D00-4E02-8678-80FBB93C9DC4}.Debug|iPhone.Build.0 = Debug|x64
		{D7F5A154-6D00-4E02-8678-80FBB93C9DC4}.Debug|iPhone.Deploy.0 = Debug|x64
		{D7F5A154-6D00-4E02-8678-80FBB93C9DC4}.Debug|iPhoneSimulator.ActiveCfg = Debug|x64
		{D7F5A154-6D00-4E02-8678-80FBB93C9DC4}.Debug|iPhoneSimulator.Build.0 = Debug|x64
		{D7F5A154-6D00-4E02-8678-80FBB93C9DC4}.Debug|iPhoneSimulator.Deploy.0 = Debug|x64
		{D7F5A154-6D00-4E02-8678-80FBB93C9DC4}.Debug|x64.ActiveCfg = Debug|x64
		{D7F5A154-6D00-4E02-8678-80FBB93C9DC4}.Debug|x64.Build.0 = Debug|x64
		{D7F5A154-6D00-4E02-8678-80FBB93C9DC4}.Debug|x64.Deploy.0 = Debug|x64
		{D7F5A154-6D00-4E02-8678-80FBB93C9DC4}.Debug|x86.ActiveCfg = Debug|x86
		{D7F5A154-6D00-4E02-8678-80FBB93C9DC4}.Debug|x86.Build.0 = Debug|x86
		{D7F5A154-6D00-4E02-8678-80FBB93C9DC4}.Debug|x86.Deploy.0 = Debug|x86
		{D7F5A154-6D00-4E02-8678-80FBB93C9DC4}.Release|Any CPU.ActiveCfg = Release|x64
		{D7F5A154-6D00-4E02-8678-80FBB93C9DC4}.Release|Any CPU.Build.0 = Release|x64
		{D7F5A154-6D00-4E02-8678-80FBB93C9DC4}.Release|Any CPU.Deploy.0 = Release|x64
		{D7F5A154-6D00-4E02-8678-80FBB93C9DC4}.Release|ARM.ActiveCfg = Release|ARM
		{D7F5A154-6D00-4E02-8678-80FBB93C9DC4}.Release|ARM.Build.0 = Release|ARM
		{D7F5A154-6D00-4E02-8678-80FBB93C9DC4}.Release|ARM.Deploy.0 = Release|ARM
		{D7F5A154-6D00-4E02-8678-80FBB93C9DC4}.Release|iPhone.ActiveCfg = Release|x64
		{D7F5A154-6D00-4E02-8678-80FBB93C9DC4}.Release|iPhone.Build.0 = Release|x64
		{D7F5A154-6D00-4E02-8678-80FBB93C9DC4}.Release|iPhone.Deploy.0 = Release|x64
		{D7F5A154-6D00-4E02-8678-80FBB93C9DC4}.Release|iPhoneSimulator.ActiveCfg = Release|x64
		{D7F5A154-6D00-4E02-8678-80FBB93C9DC4}.Release|iPhoneSimulator.Build.0 = Release|x64
		{D7F5A154-6D00-4E02-8678-80FBB93C9DC4}.Release|iPhoneSimulator.Deploy.0 = Release|x64
		{D7F5A154-6D00-4E02-8678-80FBB93C9DC4}.Release|x64.ActiveCfg = Release|x64
		{D7F5A154-6D00-4E02-8678-80FBB93C9DC4}.Release|x64.Build.0 = Release|x64
		{D7F5A154-6D00-4E02-8678-80FBB93C9DC4}.Release|x64.Deploy.0 = Release|x64
		{D7F5A154-6D00-4E02-8678-80FBB93C9DC4}.Release|x86.ActiveCfg = Release|x86
		{D7F5A154-6D00-4E02-8678-80FBB93C9DC4}.Release|x86.Build.0 = Release|x86
		{D7F5A154-6D00-4E02-8678-80FBB93C9DC4}.Release|x86.Deploy.0 = Release|x86
		{6AACA7C5-F553-4084-B706-2A8C9E7ED5DC}.Debug|Any CPU.ActiveCfg = Debug|Any CPU
		{6AACA7C5-F553-4084-B706-2A8C9E7ED5DC}.Debug|Any CPU.Build.0 = Debug|Any CPU
		{6AACA7C5-F553-4084-B706-2A8C9E7ED5DC}.Debug|Any CPU.Deploy.0 = Debug|Any CPU
		{6AACA7C5-F553-4084-B706-2A8C9E7ED5DC}.Debug|ARM.ActiveCfg = Debug|Any CPU
		{6AACA7C5-F553-4084-B706-2A8C9E7ED5DC}.Debug|ARM.Build.0 = Debug|Any CPU
		{6AACA7C5-F553-4084-B706-2A8C9E7ED5DC}.Debug|ARM.Deploy.0 = Debug|Any CPU
		{6AACA7C5-F553-4084-B706-2A8C9E7ED5DC}.Debug|iPhone.ActiveCfg = Debug|Any CPU
		{6AACA7C5-F553-4084-B706-2A8C9E7ED5DC}.Debug|iPhone.Build.0 = Debug|Any CPU
		{6AACA7C5-F553-4084-B706-2A8C9E7ED5DC}.Debug|iPhone.Deploy.0 = Debug|Any CPU
		{6AACA7C5-F553-4084-B706-2A8C9E7ED5DC}.Debug|iPhoneSimulator.ActiveCfg = Debug|Any CPU
		{6AACA7C5-F553-4084-B706-2A8C9E7ED5DC}.Debug|iPhoneSimulator.Build.0 = Debug|Any CPU
		{6AACA7C5-F553-4084-B706-2A8C9E7ED5DC}.Debug|iPhoneSimulator.Deploy.0 = Debug|Any CPU
		{6AACA7C5-F553-4084-B706-2A8C9E7ED5DC}.Debug|x64.ActiveCfg = Debug|Any CPU
		{6AACA7C5-F553-4084-B706-2A8C9E7ED5DC}.Debug|x64.Build.0 = Debug|Any CPU
		{6AACA7C5-F553-4084-B706-2A8C9E7ED5DC}.Debug|x64.Deploy.0 = Debug|Any CPU
		{6AACA7C5-F553-4084-B706-2A8C9E7ED5DC}.Debug|x86.ActiveCfg = Debug|Any CPU
		{6AACA7C5-F553-4084-B706-2A8C9E7ED5DC}.Debug|x86.Build.0 = Debug|Any CPU
		{6AACA7C5-F553-4084-B706-2A8C9E7ED5DC}.Debug|x86.Deploy.0 = Debug|Any CPU
		{6AACA7C5-F553-4084-B706-2A8C9E7ED5DC}.Release|Any CPU.ActiveCfg = Release|Any CPU
		{6AACA7C5-F553-4084-B706-2A8C9E7ED5DC}.Release|Any CPU.Build.0 = Release|Any CPU
		{6AACA7C5-F553-4084-B706-2A8C9E7ED5DC}.Release|Any CPU.Deploy.0 = Release|Any CPU
		{6AACA7C5-F553-4084-B706-2A8C9E7ED5DC}.Release|ARM.ActiveCfg = Release|Any CPU
		{6AACA7C5-F553-4084-B706-2A8C9E7ED5DC}.Release|ARM.Build.0 = Release|Any CPU
		{6AACA7C5-F553-4084-B706-2A8C9E7ED5DC}.Release|ARM.Deploy.0 = Release|Any CPU
		{6AACA7C5-F553-4084-B706-2A8C9E7ED5DC}.Release|iPhone.ActiveCfg = Release|Any CPU
		{6AACA7C5-F553-4084-B706-2A8C9E7ED5DC}.Release|iPhone.Build.0 = Release|Any CPU
		{6AACA7C5-F553-4084-B706-2A8C9E7ED5DC}.Release|iPhone.Deploy.0 = Release|Any CPU
		{6AACA7C5-F553-4084-B706-2A8C9E7ED5DC}.Release|iPhoneSimulator.ActiveCfg = Release|Any CPU
		{6AACA7C5-F553-4084-B706-2A8C9E7ED5DC}.Release|iPhoneSimulator.Build.0 = Release|Any CPU
		{6AACA7C5-F553-4084-B706-2A8C9E7ED5DC}.Release|iPhoneSimulator.Deploy.0 = Release|Any CPU
		{6AACA7C5-F553-4084-B706-2A8C9E7ED5DC}.Release|x64.ActiveCfg = Release|Any CPU
		{6AACA7C5-F553-4084-B706-2A8C9E7ED5DC}.Release|x64.Build.0 = Release|Any CPU
		{6AACA7C5-F553-4084-B706-2A8C9E7ED5DC}.Release|x64.Deploy.0 = Release|Any CPU
		{6AACA7C5-F553-4084-B706-2A8C9E7ED5DC}.Release|x86.ActiveCfg = Release|Any CPU
		{6AACA7C5-F553-4084-B706-2A8C9E7ED5DC}.Release|x86.Build.0 = Release|Any CPU
		{6AACA7C5-F553-4084-B706-2A8C9E7ED5DC}.Release|x86.Deploy.0 = Release|Any CPU
		{7294F440-CC45-423A-9A27-57F9243ACF17}.Debug|Any CPU.ActiveCfg = Debug|iPhoneSimulator
		{7294F440-CC45-423A-9A27-57F9243ACF17}.Debug|Any CPU.Build.0 = Debug|iPhoneSimulator
		{7294F440-CC45-423A-9A27-57F9243ACF17}.Debug|Any CPU.Deploy.0 = Debug|iPhoneSimulator
		{7294F440-CC45-423A-9A27-57F9243ACF17}.Debug|ARM.ActiveCfg = Debug|iPhoneSimulator
		{7294F440-CC45-423A-9A27-57F9243ACF17}.Debug|ARM.Build.0 = Debug|iPhoneSimulator
		{7294F440-CC45-423A-9A27-57F9243ACF17}.Debug|ARM.Deploy.0 = Debug|iPhoneSimulator
		{7294F440-CC45-423A-9A27-57F9243ACF17}.Debug|iPhone.ActiveCfg = Debug|iPhone
		{7294F440-CC45-423A-9A27-57F9243ACF17}.Debug|iPhone.Build.0 = Debug|iPhone
		{7294F440-CC45-423A-9A27-57F9243ACF17}.Debug|iPhone.Deploy.0 = Debug|iPhone
		{7294F440-CC45-423A-9A27-57F9243ACF17}.Debug|iPhoneSimulator.ActiveCfg = Debug|iPhoneSimulator
		{7294F440-CC45-423A-9A27-57F9243ACF17}.Debug|iPhoneSimulator.Build.0 = Debug|iPhoneSimulator
		{7294F440-CC45-423A-9A27-57F9243ACF17}.Debug|iPhoneSimulator.Deploy.0 = Debug|iPhoneSimulator
		{7294F440-CC45-423A-9A27-57F9243ACF17}.Debug|x64.ActiveCfg = Debug|iPhone
		{7294F440-CC45-423A-9A27-57F9243ACF17}.Debug|x64.Build.0 = Debug|iPhone
		{7294F440-CC45-423A-9A27-57F9243ACF17}.Debug|x64.Deploy.0 = Debug|iPhone
		{7294F440-CC45-423A-9A27-57F9243ACF17}.Debug|x86.ActiveCfg = Debug|iPhoneSimulator
		{7294F440-CC45-423A-9A27-57F9243ACF17}.Debug|x86.Build.0 = Debug|iPhoneSimulator
		{7294F440-CC45-423A-9A27-57F9243ACF17}.Debug|x86.Deploy.0 = Debug|iPhoneSimulator
		{7294F440-CC45-423A-9A27-57F9243ACF17}.Release|Any CPU.ActiveCfg = Release|iPhoneSimulator
		{7294F440-CC45-423A-9A27-57F9243ACF17}.Release|Any CPU.Build.0 = Release|iPhoneSimulator
		{7294F440-CC45-423A-9A27-57F9243ACF17}.Release|Any CPU.Deploy.0 = Release|iPhoneSimulator
		{7294F440-CC45-423A-9A27-57F9243ACF17}.Release|ARM.ActiveCfg = Release|iPhoneSimulator
		{7294F440-CC45-423A-9A27-57F9243ACF17}.Release|ARM.Build.0 = Release|iPhoneSimulator
		{7294F440-CC45-423A-9A27-57F9243ACF17}.Release|ARM.Deploy.0 = Release|iPhoneSimulator
		{7294F440-CC45-423A-9A27-57F9243ACF17}.Release|iPhone.ActiveCfg = Release|iPhone
		{7294F440-CC45-423A-9A27-57F9243ACF17}.Release|iPhone.Build.0 = Release|iPhone
		{7294F440-CC45-423A-9A27-57F9243ACF17}.Release|iPhone.Deploy.0 = Release|iPhone
		{7294F440-CC45-423A-9A27-57F9243ACF17}.Release|iPhoneSimulator.ActiveCfg = Release|iPhoneSimulator
		{7294F440-CC45-423A-9A27-57F9243ACF17}.Release|iPhoneSimulator.Build.0 = Release|iPhoneSimulator
		{7294F440-CC45-423A-9A27-57F9243ACF17}.Release|iPhoneSimulator.Deploy.0 = Release|iPhoneSimulator
		{7294F440-CC45-423A-9A27-57F9243ACF17}.Release|x64.ActiveCfg = Release|iPhoneSimulator
		{7294F440-CC45-423A-9A27-57F9243ACF17}.Release|x64.Build.0 = Release|iPhoneSimulator
		{7294F440-CC45-423A-9A27-57F9243ACF17}.Release|x64.Deploy.0 = Release|iPhoneSimulator
		{7294F440-CC45-423A-9A27-57F9243ACF17}.Release|x86.ActiveCfg = Release|iPhoneSimulator
		{7294F440-CC45-423A-9A27-57F9243ACF17}.Release|x86.Build.0 = Release|iPhoneSimulator
		{7294F440-CC45-423A-9A27-57F9243ACF17}.Release|x86.Deploy.0 = Release|iPhoneSimulator
		{207A1D56-200A-47FC-9E30-FCE27A1B4985}.Debug|Any CPU.ActiveCfg = Debug|Any CPU
		{207A1D56-200A-47FC-9E30-FCE27A1B4985}.Debug|Any CPU.Build.0 = Debug|Any CPU
		{207A1D56-200A-47FC-9E30-FCE27A1B4985}.Debug|Any CPU.Deploy.0 = Debug|Any CPU
		{207A1D56-200A-47FC-9E30-FCE27A1B4985}.Debug|ARM.ActiveCfg = Debug|Any CPU
		{207A1D56-200A-47FC-9E30-FCE27A1B4985}.Debug|ARM.Build.0 = Debug|Any CPU
		{207A1D56-200A-47FC-9E30-FCE27A1B4985}.Debug|ARM.Deploy.0 = Debug|Any CPU
		{207A1D56-200A-47FC-9E30-FCE27A1B4985}.Debug|iPhone.ActiveCfg = Debug|Any CPU
		{207A1D56-200A-47FC-9E30-FCE27A1B4985}.Debug|iPhone.Build.0 = Debug|Any CPU
		{207A1D56-200A-47FC-9E30-FCE27A1B4985}.Debug|iPhone.Deploy.0 = Debug|Any CPU
		{207A1D56-200A-47FC-9E30-FCE27A1B4985}.Debug|iPhoneSimulator.ActiveCfg = Debug|Any CPU
		{207A1D56-200A-47FC-9E30-FCE27A1B4985}.Debug|iPhoneSimulator.Build.0 = Debug|Any CPU
		{207A1D56-200A-47FC-9E30-FCE27A1B4985}.Debug|iPhoneSimulator.Deploy.0 = Debug|Any CPU
		{207A1D56-200A-47FC-9E30-FCE27A1B4985}.Debug|x64.ActiveCfg = Debug|Any CPU
		{207A1D56-200A-47FC-9E30-FCE27A1B4985}.Debug|x64.Build.0 = Debug|Any CPU
		{207A1D56-200A-47FC-9E30-FCE27A1B4985}.Debug|x64.Deploy.0 = Debug|Any CPU
		{207A1D56-200A-47FC-9E30-FCE27A1B4985}.Debug|x86.ActiveCfg = Debug|Any CPU
		{207A1D56-200A-47FC-9E30-FCE27A1B4985}.Debug|x86.Build.0 = Debug|Any CPU
		{207A1D56-200A-47FC-9E30-FCE27A1B4985}.Debug|x86.Deploy.0 = Debug|Any CPU
		{207A1D56-200A-47FC-9E30-FCE27A1B4985}.Release|Any CPU.ActiveCfg = Release|Any CPU
		{207A1D56-200A-47FC-9E30-FCE27A1B4985}.Release|Any CPU.Build.0 = Release|Any CPU
		{207A1D56-200A-47FC-9E30-FCE27A1B4985}.Release|Any CPU.Deploy.0 = Release|Any CPU
		{207A1D56-200A-47FC-9E30-FCE27A1B4985}.Release|ARM.ActiveCfg = Release|Any CPU
		{207A1D56-200A-47FC-9E30-FCE27A1B4985}.Release|ARM.Build.0 = Release|Any CPU
		{207A1D56-200A-47FC-9E30-FCE27A1B4985}.Release|ARM.Deploy.0 = Release|Any CPU
		{207A1D56-200A-47FC-9E30-FCE27A1B4985}.Release|iPhone.ActiveCfg = Release|Any CPU
		{207A1D56-200A-47FC-9E30-FCE27A1B4985}.Release|iPhone.Build.0 = Release|Any CPU
		{207A1D56-200A-47FC-9E30-FCE27A1B4985}.Release|iPhone.Deploy.0 = Release|Any CPU
		{207A1D56-200A-47FC-9E30-FCE27A1B4985}.Release|iPhoneSimulator.ActiveCfg = Release|Any CPU
		{207A1D56-200A-47FC-9E30-FCE27A1B4985}.Release|iPhoneSimulator.Build.0 = Release|Any CPU
		{207A1D56-200A-47FC-9E30-FCE27A1B4985}.Release|iPhoneSimulator.Deploy.0 = Release|Any CPU
		{207A1D56-200A-47FC-9E30-FCE27A1B4985}.Release|x64.ActiveCfg = Release|Any CPU
		{207A1D56-200A-47FC-9E30-FCE27A1B4985}.Release|x64.Build.0 = Release|Any CPU
		{207A1D56-200A-47FC-9E30-FCE27A1B4985}.Release|x64.Deploy.0 = Release|Any CPU
		{207A1D56-200A-47FC-9E30-FCE27A1B4985}.Release|x86.ActiveCfg = Release|Any CPU
		{207A1D56-200A-47FC-9E30-FCE27A1B4985}.Release|x86.Build.0 = Release|Any CPU
		{207A1D56-200A-47FC-9E30-FCE27A1B4985}.Release|x86.Deploy.0 = Release|Any CPU
	EndGlobalSection
	GlobalSection(SolutionProperties) = preSolution
		HideSolutionNode = FALSE
	EndGlobalSection
	GlobalSection(ExtensibilityGlobals) = postSolution
		SolutionGuid = {45D9152A-6AAA-47E5-ACB7-6E78A8B7BADC}
	EndGlobalSection
EndGlobal
